
Microsoft Visual Studio Solution File, Format Version 12.00
# Visual Studio Version 16
VisualStudioVersion = 16.0.30011.22
MinimumVisualStudioVersion = 10.0.40219.1
Project("{9A19103F-16F7-4668-BE54-9A1E7A4F7556}") = "egitim", "egitim\egitim.csproj", "{2569B297-B27C-45E0-82F8-36283731647A}"
EndProject
Global
	GlobalSection(SolutionConfigurationPlatforms) = preSolution
		Debug|Any CPU = Debug|Any CPU
		Release|Any CPU = Release|Any CPU
	EndGlobalSection
	GlobalSection(ProjectConfigurationPlatforms) = postSolution
		{2569B297-B27C-45E0-82F8-36283731647A}.Debug|Any CPU.ActiveCfg = Debug|Any CPU
		{2569B297-B27C-45E0-82F8-36283731647A}.Debug|Any CPU.Build.0 = Debug|Any CPU
		{2569B297-B27C-45E0-82F8-36283731647A}.Release|Any CPU.ActiveCfg = Release|Any CPU
		{2569B297-B27C-45E0-82F8-36283731647A}.Release|Any CPU.Build.0 = Release|Any CPU
	EndGlobalSection
	GlobalSection(SolutionProperties) = preSolution
		HideSolutionNode = FALSE
	EndGlobalSection
	GlobalSection(ExtensibilityGlobals) = postSolution
		SolutionGuid = {8B99A168-B743-4082-8836-89DA1B6992E1}
	EndGlobalSection
EndGlobal
